
Microsoft Visual Studio Solution File, Format Version 12.00
# Visual Studio 15
VisualStudioVersion = 15.0.26124.0
MinimumVisualStudioVersion = 15.0.26124.0
Project("{9A19103F-16F7-4668-BE54-9A1E7A4F7556}") = "Optuple", "src\Optuple.csproj", "{907B474E-A775-4F31-A206-45409DA557EE}"
EndProject
Project("{2150E333-8FDC-42A3-9474-1A3956D46DE8}") = "Solution Items", "Solution Items", "{64F18457-F1E4-49B3-8C6A-947A3A14EAEA}"
	ProjectSection(SolutionItems) = preProject
		.editorconfig = .editorconfig
		appveyor.yml = appveyor.yml
		build.cmd = build.cmd
		build.sh = build.sh
		COPYING.txt = COPYING.txt
		global.json = global.json
		pack.cmd = pack.cmd
		pack.sh = pack.sh
		test.cmd = test.cmd
		test.sh = test.sh
	EndProjectSection
EndProject
Project("{9A19103F-16F7-4668-BE54-9A1E7A4F7556}") = "Optuple.Tests", "tests\Optuple.Tests.csproj", "{8EF646A4-75B3-42CD-B93F-212E80CCDF2A}"
EndProject
Global
	GlobalSection(SolutionConfigurationPlatforms) = preSolution
		Debug|Any CPU = Debug|Any CPU
		Debug|x64 = Debug|x64
		Debug|x86 = Debug|x86
		Release|Any CPU = Release|Any CPU
		Release|x64 = Release|x64
		Release|x86 = Release|x86
	EndGlobalSection
	GlobalSection(ProjectConfigurationPlatforms) = postSolution
		{907B474E-A775-4F31-A206-45409DA557EE}.Debug|Any CPU.ActiveCfg = Debug|Any CPU
		{907B474E-A775-4F31-A206-45409DA557EE}.Debug|Any CPU.Build.0 = Debug|Any CPU
		{907B474E-A775-4F31-A206-45409DA557EE}.Debug|x64.ActiveCfg = Debug|Any CPU
		{907B474E-A775-4F31-A206-45409DA557EE}.Debug|x64.Build.0 = Debug|Any CPU
		{907B474E-A775-4F31-A206-45409DA557EE}.Debug|x86.ActiveCfg = Debug|Any CPU
		{907B474E-A775-4F31-A206-45409DA557EE}.Debug|x86.Build.0 = Debug|Any CPU
		{907B474E-A775-4F31-A206-45409DA557EE}.Release|Any CPU.ActiveCfg = Release|Any CPU
		{907B474E-A775-4F31-A206-45409DA557EE}.Release|Any CPU.Build.0 = Release|Any CPU
		{907B474E-A775-4F31-A206-45409DA557EE}.Release|x64.ActiveCfg = Release|Any CPU
		{907B474E-A775-4F31-A206-45409DA557EE}.Release|x64.Build.0 = Release|Any CPU
		{907B474E-A775-4F31-A206-45409DA557EE}.Release|x86.ActiveCfg = Release|Any CPU
		{907B474E-A775-4F31-A206-45409DA557EE}.Release|x86.Build.0 = Release|Any CPU
		{8EF646A4-75B3-42CD-B93F-212E80CCDF2A}.Debug|Any CPU.ActiveCfg = Debug|Any CPU
		{8EF646A4-75B3-42CD-B93F-212E80CCDF2A}.Debug|Any CPU.Build.0 = Debug|Any CPU
		{8EF646A4-75B3-42CD-B93F-212E80CCDF2A}.Debug|x64.ActiveCfg = Debug|Any CPU
		{8EF646A4-75B3-42CD-B93F-212E80CCDF2A}.Debug|x64.Build.0 = Debug|Any CPU
		{8EF646A4-75B3-42CD-B93F-212E80CCDF2A}.Debug|x86.ActiveCfg = Debug|Any CPU
		{8EF646A4-75B3-42CD-B93F-212E80CCDF2A}.Debug|x86.Build.0 = Debug|Any CPU
		{8EF646A4-75B3-42CD-B93F-212E80CCDF2A}.Release|Any CPU.ActiveCfg = Release|Any CPU
		{8EF646A4-75B3-42CD-B93F-212E80CCDF2A}.Release|Any CPU.Build.0 = Release|Any CPU
		{8EF646A4-75B3-42CD-B93F-212E80CCDF2A}.Release|x64.ActiveCfg = Release|Any CPU
		{8EF646A4-75B3-42CD-B93F-212E80CCDF2A}.Release|x64.Build.0 = Release|Any CPU
		{8EF646A4-75B3-42CD-B93F-212E80CCDF2A}.Release|x86.ActiveCfg = Release|Any CPU
		{8EF646A4-75B3-42CD-B93F-212E80CCDF2A}.Release|x86.Build.0 = Release|Any CPU
	EndGlobalSection
	GlobalSection(SolutionProperties) = preSolution
		HideSolutionNode = FALSE
	EndGlobalSection
	GlobalSection(ExtensibilityGlobals) = postSolution
		SolutionGuid = {6AE6D50D-FED1-42E1-960D-CAF4ADF20B3E}
	EndGlobalSection
EndGlobal
